// !$*UTF8*$!
{
	archiveVersion = 1;
	classes = {
	};
	objectVersion = 77;
	objects = {

/* Begin PBXBuildFile section */
		9016180A2D0A0B0C0087A940 /* FirebaseAnalytics in Frameworks */ = {isa = PBXBuildFile; productRef = 901618092D0A0B0C0087A940 /* FirebaseAnalytics */; };
		9016180C2D0A0B0C0087A940 /* FirebaseAppDistribution-Beta in Frameworks */ = {isa = PBXBuildFile; productRef = 9016180B2D0A0B0C0087A940 /* FirebaseAppDistribution-Beta */; };
		90BD2BDE2D0A06A900CE6144 /* FirebaseAnalyticsOnDeviceConversion in Frameworks */ = {isa = PBXBuildFile; productRef = 90BD2BDD2D0A06A900CE6144 /* FirebaseAnalyticsOnDeviceConversion */; };
		90BD2BE02D0A06A900CE6144 /* FirebaseAnalyticsWithoutAdIdSupport in Frameworks */ = {isa = PBXBuildFile; productRef = 90BD2BDF2D0A06A900CE6144 /* FirebaseAnalyticsWithoutAdIdSupport */; };
		90BD2BE22D0A06A900CE6144 /* FirebaseAppCheck in Frameworks */ = {isa = PBXBuildFile; productRef = 90BD2BE12D0A06A900CE6144 /* FirebaseAppCheck */; };
		90BD2BE42D0A06A900CE6144 /* FirebaseAppDistribution-Beta in Frameworks */ = {isa = PBXBuildFile; productRef = 90BD2BE32D0A06A900CE6144 /* FirebaseAppDistribution-Beta */; };
		90BD2BE62D0A06A900CE6144 /* FirebaseAuth in Frameworks */ = {isa = PBXBuildFile; productRef = 90BD2BE52D0A06A900CE6144 /* FirebaseAuth */; };
		90BD2BE82D0A06A900CE6144 /* FirebaseAuthCombine-Community in Frameworks */ = {isa = PBXBuildFile; productRef = 90BD2BE72D0A06A900CE6144 /* FirebaseAuthCombine-Community */; };
		90BD2BEA2D0A06A900CE6144 /* FirebaseCrashlytics in Frameworks */ = {isa = PBXBuildFile; productRef = 90BD2BE92D0A06A900CE6144 /* FirebaseCrashlytics */; };
		90BD2BEC2D0A06A900CE6144 /* FirebaseDatabase in Frameworks */ = {isa = PBXBuildFile; productRef = 90BD2BEB2D0A06A900CE6144 /* FirebaseDatabase */; };
		90BD2BEE2D0A06A900CE6144 /* FirebaseDynamicLinks in Frameworks */ = {isa = PBXBuildFile; productRef = 90BD2BED2D0A06A900CE6144 /* FirebaseDynamicLinks */; };
		90BD2BF02D0A06A900CE6144 /* FirebaseFirestore in Frameworks */ = {isa = PBXBuildFile; productRef = 90BD2BEF2D0A06A900CE6144 /* FirebaseFirestore */; };
		90BD2BF22D0A06A900CE6144 /* FirebaseFirestoreCombine-Community in Frameworks */ = {isa = PBXBuildFile; productRef = 90BD2BF12D0A06A900CE6144 /* FirebaseFirestoreCombine-Community */; };
		90BD2BF42D0A06A900CE6144 /* FirebaseFunctions in Frameworks */ = {isa = PBXBuildFile; productRef = 90BD2BF32D0A06A900CE6144 /* FirebaseFunctions */; };
		90BD2BF62D0A06A900CE6144 /* FirebaseFunctionsCombine-Community in Frameworks */ = {isa = PBXBuildFile; productRef = 90BD2BF52D0A06A900CE6144 /* FirebaseFunctionsCombine-Community */; };
		90BD2BF82D0A06A900CE6144 /* FirebaseInAppMessaging-Beta in Frameworks */ = {isa = PBXBuildFile; productRef = 90BD2BF72D0A06A900CE6144 /* FirebaseInAppMessaging-Beta */; };
		90BD2BFA2D0A06A900CE6144 /* FirebaseInstallations in Frameworks */ = {isa = PBXBuildFile; productRef = 90BD2BF92D0A06A900CE6144 /* FirebaseInstallations */; };
		90BD2BFC2D0A06A900CE6144 /* FirebaseMLModelDownloader in Frameworks */ = {isa = PBXBuildFile; productRef = 90BD2BFB2D0A06A900CE6144 /* FirebaseMLModelDownloader */; };
		90BD2BFE2D0A06A900CE6144 /* FirebaseMessaging in Frameworks */ = {isa = PBXBuildFile; productRef = 90BD2BFD2D0A06A900CE6144 /* FirebaseMessaging */; };
		90BD2C002D0A06A900CE6144 /* FirebasePerformance in Frameworks */ = {isa = PBXBuildFile; productRef = 90BD2BFF2D0A06A900CE6144 /* FirebasePerformance */; };
		90BD2C022D0A06A900CE6144 /* FirebaseRemoteConfig in Frameworks */ = {isa = PBXBuildFile; productRef = 90BD2C012D0A06A900CE6144 /* FirebaseRemoteConfig */; };
		90BD2C042D0A06A900CE6144 /* FirebaseStorage in Frameworks */ = {isa = PBXBuildFile; productRef = 90BD2C032D0A06A900CE6144 /* FirebaseStorage */; };
		90BD2C062D0A06A900CE6144 /* FirebaseStorageCombine-Community in Frameworks */ = {isa = PBXBuildFile; productRef = 90BD2C052D0A06A900CE6144 /* FirebaseStorageCombine-Community */; };
		90BD2C082D0A06A900CE6144 /* FirebaseVertexAI in Frameworks */ = {isa = PBXBuildFile; productRef = 90BD2C072D0A06A900CE6144 /* FirebaseVertexAI */; };
/* End PBXBuildFile section */

/* Begin PBXContainerItemProxy section */
		900E81C12CFF786200639B47 /* PBXContainerItemProxy */ = {
			isa = PBXContainerItemProxy;
			containerPortal = 900E81A82CFF786100639B47 /* Project object */;
			proxyType = 1;
			remoteGlobalIDString = 900E81AF2CFF786100639B47;
			remoteInfo = Pokedex;
		};
		900E81CB2CFF786200639B47 /* PBXContainerItemProxy */ = {
			isa = PBXContainerItemProxy;
			containerPortal = 900E81A82CFF786100639B47 /* Project object */;
			proxyType = 1;
			remoteGlobalIDString = 900E81AF2CFF786100639B47;
			remoteInfo = Pokedex;
		};
/* End PBXContainerItemProxy section */

/* Begin PBXFileReference section */
		900E81B02CFF786100639B47 /* Pokedex.app */ = {isa = PBXFileReference; explicitFileType = wrapper.application; includeInIndex = 0; path = Pokedex.app; sourceTree = BUILT_PRODUCTS_DIR; };
		900E81C02CFF786200639B47 /* PokedexTests.xctest */ = {isa = PBXFileReference; explicitFileType = wrapper.cfbundle; includeInIndex = 0; path = PokedexTests.xctest; sourceTree = BUILT_PRODUCTS_DIR; };
		900E81CA2CFF786200639B47 /* PokedexUITests.xctest */ = {isa = PBXFileReference; explicitFileType = wrapper.cfbundle; includeInIndex = 0; path = PokedexUITests.xctest; sourceTree = BUILT_PRODUCTS_DIR; };
/* End PBXFileReference section */

/* Begin PBXFileSystemSynchronizedRootGroup section */
		900E81B22CFF786100639B47 /* Pokedex */ = {
			isa = PBXFileSystemSynchronizedRootGroup;
			path = Pokedex;
			sourceTree = "<group>";
		};
		900E81C32CFF786200639B47 /* PokedexTests */ = {
			isa = PBXFileSystemSynchronizedRootGroup;
			path = PokedexTests;
			sourceTree = "<group>";
		};
		900E81CD2CFF786200639B47 /* PokedexUITests */ = {
			isa = PBXFileSystemSynchronizedRootGroup;
			path = PokedexUITests;
			sourceTree = "<group>";
		};
/* End PBXFileSystemSynchronizedRootGroup section */

/* Begin PBXFrameworksBuildPhase section */
		900E81AD2CFF786100639B47 /* Frameworks */ = {
			isa = PBXFrameworksBuildPhase;
			buildActionMask = 2147483647;
			files = (
				90BD2BF22D0A06A900CE6144 /* FirebaseFirestoreCombine-Community in Frameworks */,
				90BD2C082D0A06A900CE6144 /* FirebaseVertexAI in Frameworks */,
				90BD2BF42D0A06A900CE6144 /* FirebaseFunctions in Frameworks */,
				90BD2C002D0A06A900CE6144 /* FirebasePerformance in Frameworks */,
				90BD2C062D0A06A900CE6144 /* FirebaseStorageCombine-Community in Frameworks */,
				90BD2C022D0A06A900CE6144 /* FirebaseRemoteConfig in Frameworks */,
				90BD2BEC2D0A06A900CE6144 /* FirebaseDatabase in Frameworks */,
				90BD2BEE2D0A06A900CE6144 /* FirebaseDynamicLinks in Frameworks */,
				90BD2BDE2D0A06A900CE6144 /* FirebaseAnalyticsOnDeviceConversion in Frameworks */,
				90BD2BF02D0A06A900CE6144 /* FirebaseFirestore in Frameworks */,
				90BD2BFE2D0A06A900CE6144 /* FirebaseMessaging in Frameworks */,
				9016180A2D0A0B0C0087A940 /* FirebaseAnalytics in Frameworks */,
				90BD2BFA2D0A06A900CE6144 /* FirebaseInstallations in Frameworks */,
				90BD2BF62D0A06A900CE6144 /* FirebaseFunctionsCombine-Community in Frameworks */,
				90BD2BE22D0A06A900CE6144 /* FirebaseAppCheck in Frameworks */,
				90BD2BE02D0A06A900CE6144 /* FirebaseAnalyticsWithoutAdIdSupport in Frameworks */,
				90BD2BF82D0A06A900CE6144 /* FirebaseInAppMessaging-Beta in Frameworks */,
				90BD2BE62D0A06A900CE6144 /* FirebaseAuth in Frameworks */,
				90BD2BEA2D0A06A900CE6144 /* FirebaseCrashlytics in Frameworks */,
				90BD2BFC2D0A06A900CE6144 /* FirebaseMLModelDownloader in Frameworks */,
				90BD2C042D0A06A900CE6144 /* FirebaseStorage in Frameworks */,
				90BD2BE42D0A06A900CE6144 /* FirebaseAppDistribution-Beta in Frameworks */,
				90BD2BE82D0A06A900CE6144 /* FirebaseAuthCombine-Community in Frameworks */,
				9016180C2D0A0B0C0087A940 /* FirebaseAppDistribution-Beta in Frameworks */,
			);
			runOnlyForDeploymentPostprocessing = 0;
		};
		900E81BD2CFF786200639B47 /* Frameworks */ = {
			isa = PBXFrameworksBuildPhase;
			buildActionMask = 2147483647;
			files = (
			);
			runOnlyForDeploymentPostprocessing = 0;
		};
		900E81C72CFF786200639B47 /* Frameworks */ = {
			isa = PBXFrameworksBuildPhase;
			buildActionMask = 2147483647;
			files = (
			);
			runOnlyForDeploymentPostprocessing = 0;
		};
/* End PBXFrameworksBuildPhase section */

/* Begin PBXGroup section */
		900E81A72CFF786100639B47 = {
			isa = PBXGroup;
			children = (
				900E81B22CFF786100639B47 /* Pokedex */,
				900E81C32CFF786200639B47 /* PokedexTests */,
				900E81CD2CFF786200639B47 /* PokedexUITests */,
				900E81B12CFF786100639B47 /* Products */,
			);
			sourceTree = "<group>";
		};
		900E81B12CFF786100639B47 /* Products */ = {
			isa = PBXGroup;
			children = (
				900E81B02CFF786100639B47 /* Pokedex.app */,
				900E81C02CFF786200639B47 /* PokedexTests.xctest */,
				900E81CA2CFF786200639B47 /* PokedexUITests.xctest */,
			);
			name = Products;
			sourceTree = "<group>";
		};
/* End PBXGroup section */

/* Begin PBXNativeTarget section */
		900E81AF2CFF786100639B47 /* Pokedex */ = {
			isa = PBXNativeTarget;
			buildConfigurationList = 900E81D42CFF786200639B47 /* Build configuration list for PBXNativeTarget "Pokedex" */;
			buildPhases = (
				900E81AC2CFF786100639B47 /* Sources */,
				900E81AD2CFF786100639B47 /* Frameworks */,
				900E81AE2CFF786100639B47 /* Resources */,
			);
			buildRules = (
			);
			dependencies = (
			);
			fileSystemSynchronizedGroups = (
				900E81B22CFF786100639B47 /* Pokedex */,
			);
			name = Pokedex;
			packageProductDependencies = (
				90BD2BDD2D0A06A900CE6144 /* FirebaseAnalyticsOnDeviceConversion */,
				90BD2BDF2D0A06A900CE6144 /* FirebaseAnalyticsWithoutAdIdSupport */,
				90BD2BE12D0A06A900CE6144 /* FirebaseAppCheck */,
				90BD2BE32D0A06A900CE6144 /* FirebaseAppDistribution-Beta */,
				90BD2BE52D0A06A900CE6144 /* FirebaseAuth */,
				90BD2BE72D0A06A900CE6144 /* FirebaseAuthCombine-Community */,
				90BD2BE92D0A06A900CE6144 /* FirebaseCrashlytics */,
				90BD2BEB2D0A06A900CE6144 /* FirebaseDatabase */,
				90BD2BED2D0A06A900CE6144 /* FirebaseDynamicLinks */,
				90BD2BEF2D0A06A900CE6144 /* FirebaseFirestore */,
				90BD2BF12D0A06A900CE6144 /* FirebaseFirestoreCombine-Community */,
				90BD2BF32D0A06A900CE6144 /* FirebaseFunctions */,
				90BD2BF52D0A06A900CE6144 /* FirebaseFunctionsCombine-Community */,
				90BD2BF72D0A06A900CE6144 /* FirebaseInAppMessaging-Beta */,
				90BD2BF92D0A06A900CE6144 /* FirebaseInstallations */,
				90BD2BFB2D0A06A900CE6144 /* FirebaseMLModelDownloader */,
				90BD2BFD2D0A06A900CE6144 /* FirebaseMessaging */,
				90BD2BFF2D0A06A900CE6144 /* FirebasePerformance */,
				90BD2C012D0A06A900CE6144 /* FirebaseRemoteConfig */,
				90BD2C032D0A06A900CE6144 /* FirebaseStorage */,
				90BD2C052D0A06A900CE6144 /* FirebaseStorageCombine-Community */,
				90BD2C072D0A06A900CE6144 /* FirebaseVertexAI */,
				901618092D0A0B0C0087A940 /* FirebaseAnalytics */,
				9016180B2D0A0B0C0087A940 /* FirebaseAppDistribution-Beta */,
			);
			productName = Pokedex;
			productReference = 900E81B02CFF786100639B47 /* Pokedex.app */;
			productType = "com.apple.product-type.application";
		};
		900E81BF2CFF786200639B47 /* PokedexTests */ = {
			isa = PBXNativeTarget;
			buildConfigurationList = 900E81D72CFF786200639B47 /* Build configuration list for PBXNativeTarget "PokedexTests" */;
			buildPhases = (
				900E81BC2CFF786200639B47 /* Sources */,
				900E81BD2CFF786200639B47 /* Frameworks */,
				900E81BE2CFF786200639B47 /* Resources */,
			);
			buildRules = (
			);
			dependencies = (
				900E81C22CFF786200639B47 /* PBXTargetDependency */,
			);
			fileSystemSynchronizedGroups = (
				900E81C32CFF786200639B47 /* PokedexTests */,
			);
			name = PokedexTests;
			packageProductDependencies = (
			);
			productName = PokedexTests;
			productReference = 900E81C02CFF786200639B47 /* PokedexTests.xctest */;
			productType = "com.apple.product-type.bundle.unit-test";
		};
		900E81C92CFF786200639B47 /* PokedexUITests */ = {
			isa = PBXNativeTarget;
			buildConfigurationList = 900E81DA2CFF786200639B47 /* Build configuration list for PBXNativeTarget "PokedexUITests" */;
			buildPhases = (
				900E81C62CFF786200639B47 /* Sources */,
				900E81C72CFF786200639B47 /* Frameworks */,
				900E81C82CFF786200639B47 /* Resources */,
			);
			buildRules = (
			);
			dependencies = (
				900E81CC2CFF786200639B47 /* PBXTargetDependency */,
			);
			fileSystemSynchronizedGroups = (
				900E81CD2CFF786200639B47 /* PokedexUITests */,
			);
			name = PokedexUITests;
			packageProductDependencies = (
			);
			productName = PokedexUITests;
			productReference = 900E81CA2CFF786200639B47 /* PokedexUITests.xctest */;
			productType = "com.apple.product-type.bundle.ui-testing";
		};
/* End PBXNativeTarget section */

/* Begin PBXProject section */
		900E81A82CFF786100639B47 /* Project object */ = {
			isa = PBXProject;
			attributes = {
				BuildIndependentTargetsInParallel = 1;
				LastSwiftUpdateCheck = 1600;
				LastUpgradeCheck = 1600;
				TargetAttributes = {
					900E81AF2CFF786100639B47 = {
						CreatedOnToolsVersion = 16.0;
					};
					900E81BF2CFF786200639B47 = {
						CreatedOnToolsVersion = 16.0;
						TestTargetID = 900E81AF2CFF786100639B47;
					};
					900E81C92CFF786200639B47 = {
						CreatedOnToolsVersion = 16.0;
						TestTargetID = 900E81AF2CFF786100639B47;
					};
				};
			};
			buildConfigurationList = 900E81AB2CFF786100639B47 /* Build configuration list for PBXProject "Pokedex" */;
			developmentRegion = en;
			hasScannedForEncodings = 0;
			knownRegions = (
				en,
				Base,
			);
			mainGroup = 900E81A72CFF786100639B47;
			minimizedProjectReferenceProxies = 1;
			packageReferences = (
				901618082D0A0B0C0087A940 /* XCRemoteSwiftPackageReference "firebase-ios-sdk" */,
			);
			preferredProjectObjectVersion = 77;
			productRefGroup = 900E81B12CFF786100639B47 /* Products */;
			projectDirPath = "";
			projectRoot = "";
			targets = (
				900E81AF2CFF786100639B47 /* Pokedex */,
				900E81BF2CFF786200639B47 /* PokedexTests */,
				900E81C92CFF786200639B47 /* PokedexUITests */,
			);
		};
/* End PBXProject section */

/* Begin PBXResourcesBuildPhase section */
		900E81AE2CFF786100639B47 /* Resources */ = {
			isa = PBXResourcesBuildPhase;
			buildActionMask = 2147483647;
			files = (
			);
			runOnlyForDeploymentPostprocessing = 0;
		};
		900E81BE2CFF786200639B47 /* Resources */ = {
			isa = PBXResourcesBuildPhase;
			buildActionMask = 2147483647;
			files = (
			);
			runOnlyForDeploymentPostprocessing = 0;
		};
		900E81C82CFF786200639B47 /* Resources */ = {
			isa = PBXResourcesBuildPhase;
			buildActionMask = 2147483647;
			files = (
			);
			runOnlyForDeploymentPostprocessing = 0;
		};
/* End PBXResourcesBuildPhase section */

/* Begin PBXSourcesBuildPhase section */
		900E81AC2CFF786100639B47 /* Sources */ = {
			isa = PBXSourcesBuildPhase;
			buildActionMask = 2147483647;
			files = (
			);
			runOnlyForDeploymentPostprocessing = 0;
		};
		900E81BC2CFF786200639B47 /* Sources */ = {
			isa = PBXSourcesBuildPhase;
			buildActionMask = 2147483647;
			files = (
			);
			runOnlyForDeploymentPostprocessing = 0;
		};
		900E81C62CFF786200639B47 /* Sources */ = {
			isa = PBXSourcesBuildPhase;
			buildActionMask = 2147483647;
			files = (
			);
			runOnlyForDeploymentPostprocessing = 0;
		};
/* End PBXSourcesBuildPhase section */

/* Begin PBXTargetDependency section */
		900E81C22CFF786200639B47 /* PBXTargetDependency */ = {
			isa = PBXTargetDependency;
			target = 900E81AF2CFF786100639B47 /* Pokedex */;
			targetProxy = 900E81C12CFF786200639B47 /* PBXContainerItemProxy */;
		};
		900E81CC2CFF786200639B47 /* PBXTargetDependency */ = {
			isa = PBXTargetDependency;
			target = 900E81AF2CFF786100639B47 /* Pokedex */;
			targetProxy = 900E81CB2CFF786200639B47 /* PBXContainerItemProxy */;
		};
/* End PBXTargetDependency section */

/* Begin XCBuildConfiguration section */
		900E81D22CFF786200639B47 /* Debug */ = {
			isa = XCBuildConfiguration;
			buildSettings = {
				ALWAYS_SEARCH_USER_PATHS = NO;
				ASSETCATALOG_COMPILER_GENERATE_SWIFT_ASSET_SYMBOL_EXTENSIONS = YES;
				CLANG_ANALYZER_NONNULL = YES;
				CLANG_ANALYZER_NUMBER_OBJECT_CONVERSION = YES_AGGRESSIVE;
				CLANG_CXX_LANGUAGE_STANDARD = "gnu++20";
				CLANG_ENABLE_MODULES = YES;
				CLANG_ENABLE_OBJC_ARC = YES;
				CLANG_ENABLE_OBJC_WEAK = YES;
				CLANG_WARN_BLOCK_CAPTURE_AUTORELEASING = YES;
				CLANG_WARN_BOOL_CONVERSION = YES;
				CLANG_WARN_COMMA = YES;
				CLANG_WARN_CONSTANT_CONVERSION = YES;
				CLANG_WARN_DEPRECATED_OBJC_IMPLEMENTATIONS = YES;
				CLANG_WARN_DIRECT_OBJC_ISA_USAGE = YES_ERROR;
				CLANG_WARN_DOCUMENTATION_COMMENTS = YES;
				CLANG_WARN_EMPTY_BODY = YES;
				CLANG_WARN_ENUM_CONVERSION = YES;
				CLANG_WARN_INFINITE_RECURSION = YES;
				CLANG_WARN_INT_CONVERSION = YES;
				CLANG_WARN_NON_LITERAL_NULL_CONVERSION = YES;
				CLANG_WARN_OBJC_IMPLICIT_RETAIN_SELF = YES;
				CLANG_WARN_OBJC_LITERAL_CONVERSION = YES;
				CLANG_WARN_OBJC_ROOT_CLASS = YES_ERROR;
				CLANG_WARN_QUOTED_INCLUDE_IN_FRAMEWORK_HEADER = YES;
				CLANG_WARN_RANGE_LOOP_ANALYSIS = YES;
				CLANG_WARN_STRICT_PROTOTYPES = YES;
				CLANG_WARN_SUSPICIOUS_MOVE = YES;
				CLANG_WARN_UNGUARDED_AVAILABILITY = YES_AGGRESSIVE;
				CLANG_WARN_UNREACHABLE_CODE = YES;
				CLANG_WARN__DUPLICATE_METHOD_MATCH = YES;
				COPY_PHASE_STRIP = NO;
				DEBUG_INFORMATION_FORMAT = dwarf;
				ENABLE_STRICT_OBJC_MSGSEND = YES;
				ENABLE_TESTABILITY = YES;
				ENABLE_USER_SCRIPT_SANDBOXING = YES;
				GCC_C_LANGUAGE_STANDARD = gnu17;
				GCC_DYNAMIC_NO_PIC = NO;
				GCC_NO_COMMON_BLOCKS = YES;
				GCC_OPTIMIZATION_LEVEL = 0;
				GCC_PREPROCESSOR_DEFINITIONS = (
					"DEBUG=1",
					"$(inherited)",
				);
				GCC_WARN_64_TO_32_BIT_CONVERSION = YES;
				GCC_WARN_ABOUT_RETURN_TYPE = YES_ERROR;
				GCC_WARN_UNDECLARED_SELECTOR = YES;
				GCC_WARN_UNINITIALIZED_AUTOS = YES_AGGRESSIVE;
				GCC_WARN_UNUSED_FUNCTION = YES;
				GCC_WARN_UNUSED_VARIABLE = YES;
				IPHONEOS_DEPLOYMENT_TARGET = 18.0;
				LOCALIZATION_PREFERS_STRING_CATALOGS = YES;
				MTL_ENABLE_DEBUG_INFO = INCLUDE_SOURCE;
				MTL_FAST_MATH = YES;
				ONLY_ACTIVE_ARCH = YES;
				SDKROOT = iphoneos;
				SWIFT_ACTIVE_COMPILATION_CONDITIONS = "DEBUG $(inherited)";
				SWIFT_OPTIMIZATION_LEVEL = "-Onone";
			};
			name = Debug;
		};
		900E81D32CFF786200639B47 /* Release */ = {
			isa = XCBuildConfiguration;
			buildSettings = {
				ALWAYS_SEARCH_USER_PATHS = NO;
				ASSETCATALOG_COMPILER_GENERATE_SWIFT_ASSET_SYMBOL_EXTENSIONS = YES;
				CLANG_ANALYZER_NONNULL = YES;
				CLANG_ANALYZER_NUMBER_OBJECT_CONVERSION = YES_AGGRESSIVE;
				CLANG_CXX_LANGUAGE_STANDARD = "gnu++20";
				CLANG_ENABLE_MODULES = YES;
				CLANG_ENABLE_OBJC_ARC = YES;
				CLANG_ENABLE_OBJC_WEAK = YES;
				CLANG_WARN_BLOCK_CAPTURE_AUTORELEASING = YES;
				CLANG_WARN_BOOL_CONVERSION = YES;
				CLANG_WARN_COMMA = YES;
				CLANG_WARN_CONSTANT_CONVERSION = YES;
				CLANG_WARN_DEPRECATED_OBJC_IMPLEMENTATIONS = YES;
				CLANG_WARN_DIRECT_OBJC_ISA_USAGE = YES_ERROR;
				CLANG_WARN_DOCUMENTATION_COMMENTS = YES;
				CLANG_WARN_EMPTY_BODY = YES;
				CLANG_WARN_ENUM_CONVERSION = YES;
				CLANG_WARN_INFINITE_RECURSION = YES;
				CLANG_WARN_INT_CONVERSION = YES;
				CLANG_WARN_NON_LITERAL_NULL_CONVERSION = YES;
				CLANG_WARN_OBJC_IMPLICIT_RETAIN_SELF = YES;
				CLANG_WARN_OBJC_LITERAL_CONVERSION = YES;
				CLANG_WARN_OBJC_ROOT_CLASS = YES_ERROR;
				CLANG_WARN_QUOTED_INCLUDE_IN_FRAMEWORK_HEADER = YES;
				CLANG_WARN_RANGE_LOOP_ANALYSIS = YES;
				CLANG_WARN_STRICT_PROTOTYPES = YES;
				CLANG_WARN_SUSPICIOUS_MOVE = YES;
				CLANG_WARN_UNGUARDED_AVAILABILITY = YES_AGGRESSIVE;
				CLANG_WARN_UNREACHABLE_CODE = YES;
				CLANG_WARN__DUPLICATE_METHOD_MATCH = YES;
				COPY_PHASE_STRIP = NO;
				DEBUG_INFORMATION_FORMAT = "dwarf-with-dsym";
				ENABLE_NS_ASSERTIONS = NO;
				ENABLE_STRICT_OBJC_MSGSEND = YES;
				ENABLE_USER_SCRIPT_SANDBOXING = YES;
				GCC_C_LANGUAGE_STANDARD = gnu17;
				GCC_NO_COMMON_BLOCKS = YES;
				GCC_WARN_64_TO_32_BIT_CONVERSION = YES;
				GCC_WARN_ABOUT_RETURN_TYPE = YES_ERROR;
				GCC_WARN_UNDECLARED_SELECTOR = YES;
				GCC_WARN_UNINITIALIZED_AUTOS = YES_AGGRESSIVE;
				GCC_WARN_UNUSED_FUNCTION = YES;
				GCC_WARN_UNUSED_VARIABLE = YES;
				IPHONEOS_DEPLOYMENT_TARGET = 18.0;
				LOCALIZATION_PREFERS_STRING_CATALOGS = YES;
				MTL_ENABLE_DEBUG_INFO = NO;
				MTL_FAST_MATH = YES;
				SDKROOT = iphoneos;
				SWIFT_COMPILATION_MODE = wholemodule;
				VALIDATE_PRODUCT = YES;
			};
			name = Release;
		};
		900E81D52CFF786200639B47 /* Debug */ = {
			isa = XCBuildConfiguration;
			buildSettings = {
				ASSETCATALOG_COMPILER_APPICON_NAME = AppIcon;
				ASSETCATALOG_COMPILER_GLOBAL_ACCENT_COLOR_NAME = AccentColor;
				CODE_SIGN_STYLE = Automatic;
				CURRENT_PROJECT_VERSION = 1;
				DEVELOPMENT_ASSET_PATHS = "\"Pokedex/Preview Content\"";
				DEVELOPMENT_TEAM = 3LW2TYZA4H;
				ENABLE_PREVIEWS = YES;
				GENERATE_INFOPLIST_FILE = YES;
				INFOPLIST_KEY_UIApplicationSceneManifest_Generation = YES;
				INFOPLIST_KEY_UIApplicationSupportsIndirectInputEvents = YES;
				INFOPLIST_KEY_UILaunchScreen_Generation = YES;
				INFOPLIST_KEY_UILaunchStoryboardName = LaunchScreen;
				INFOPLIST_KEY_UISupportedInterfaceOrientations_iPad = "UIInterfaceOrientationPortrait UIInterfaceOrientationPortraitUpsideDown UIInterfaceOrientationLandscapeLeft UIInterfaceOrientationLandscapeRight";
				INFOPLIST_KEY_UISupportedInterfaceOrientations_iPhone = "UIInterfaceOrientationPortrait UIInterfaceOrientationLandscapeLeft UIInterfaceOrientationLandscapeRight";
				LD_RUNPATH_SEARCH_PATHS = (
					"$(inherited)",
					"@executable_path/Frameworks",
				);
				MARKETING_VERSION = 1.0;
				PRODUCT_BUNDLE_IDENTIFIER = com.franaGan.pokedex;
				PRODUCT_NAME = "$(TARGET_NAME)";
				SWIFT_EMIT_LOC_STRINGS = YES;
				SWIFT_VERSION = 5.0;
				TARGETED_DEVICE_FAMILY = "1,2";
			};
			name = Debug;
		};
		900E81D62CFF786200639B47 /* Release */ = {
			isa = XCBuildConfiguration;
			buildSettings = {
				ASSETCATALOG_COMPILER_APPICON_NAME = AppIcon;
				ASSETCATALOG_COMPILER_GLOBAL_ACCENT_COLOR_NAME = AccentColor;
				CODE_SIGN_STYLE = Automatic;
				CURRENT_PROJECT_VERSION = 1;
				DEVELOPMENT_ASSET_PATHS = "\"Pokedex/Preview Content\"";
				DEVELOPMENT_TEAM = 3LW2TYZA4H;
				ENABLE_PREVIEWS = YES;
				GENERATE_INFOPLIST_FILE = YES;
				INFOPLIST_KEY_UIApplicationSceneManifest_Generation = YES;
				INFOPLIST_KEY_UIApplicationSupportsIndirectInputEvents = YES;
				INFOPLIST_KEY_UILaunchScreen_Generation = YES;
				INFOPLIST_KEY_UILaunchStoryboardName = LaunchScreen;
				INFOPLIST_KEY_UISupportedInterfaceOrientations_iPad = "UIInterfaceOrientationPortrait UIInterfaceOrientationPortraitUpsideDown UIInterfaceOrientationLandscapeLeft UIInterfaceOrientationLandscapeRight";
				INFOPLIST_KEY_UISupportedInterfaceOrientations_iPhone = "UIInterfaceOrientationPortrait UIInterfaceOrientationLandscapeLeft UIInterfaceOrientationLandscapeRight";
				LD_RUNPATH_SEARCH_PATHS = (
					"$(inherited)",
					"@executable_path/Frameworks",
				);
				MARKETING_VERSION = 1.0;
				PRODUCT_BUNDLE_IDENTIFIER = com.franaGan.pokedex;
				PRODUCT_NAME = "$(TARGET_NAME)";
				SWIFT_EMIT_LOC_STRINGS = YES;
				SWIFT_VERSION = 5.0;
				TARGETED_DEVICE_FAMILY = "1,2";
			};
			name = Release;
		};
		900E81D82CFF786200639B47 /* Debug */ = {
			isa = XCBuildConfiguration;
			buildSettings = {
				BUNDLE_LOADER = "$(TEST_HOST)";
				CODE_SIGN_STYLE = Automatic;
				CURRENT_PROJECT_VERSION = 1;
				GENERATE_INFOPLIST_FILE = YES;
				IPHONEOS_DEPLOYMENT_TARGET = 18.0;
				MARKETING_VERSION = 1.0;
				PRODUCT_BUNDLE_IDENTIFIER = FranaGan.PokedexTests;
				PRODUCT_NAME = "$(TARGET_NAME)";
				SWIFT_EMIT_LOC_STRINGS = NO;
				SWIFT_VERSION = 5.0;
				TARGETED_DEVICE_FAMILY = "1,2";
				TEST_HOST = "$(BUILT_PRODUCTS_DIR)/Pokedex.app/$(BUNDLE_EXECUTABLE_FOLDER_PATH)/Pokedex";
			};
			name = Debug;
		};
		900E81D92CFF786200639B47 /* Release */ = {
			isa = XCBuildConfiguration;
			buildSettings = {
				BUNDLE_LOADER = "$(TEST_HOST)";
				CODE_SIGN_STYLE = Automatic;
				CURRENT_PROJECT_VERSION = 1;
				GENERATE_INFOPLIST_FILE = YES;
				IPHONEOS_DEPLOYMENT_TARGET = 18.0;
				MARKETING_VERSION = 1.0;
				PRODUCT_BUNDLE_IDENTIFIER = FranaGan.PokedexTests;
				PRODUCT_NAME = "$(TARGET_NAME)";
				SWIFT_EMIT_LOC_STRINGS = NO;
				SWIFT_VERSION = 5.0;
				TARGETED_DEVICE_FAMILY = "1,2";
				TEST_HOST = "$(BUILT_PRODUCTS_DIR)/Pokedex.app/$(BUNDLE_EXECUTABLE_FOLDER_PATH)/Pokedex";
			};
			name = Release;
		};
		900E81DB2CFF786200639B47 /* Debug */ = {
			isa = XCBuildConfiguration;
			buildSettings = {
				CODE_SIGN_STYLE = Automatic;
				CURRENT_PROJECT_VERSION = 1;
				GENERATE_INFOPLIST_FILE = YES;
				MARKETING_VERSION = 1.0;
				PRODUCT_BUNDLE_IDENTIFIER = FranaGan.PokedexUITests;
				PRODUCT_NAME = "$(TARGET_NAME)";
				SWIFT_EMIT_LOC_STRINGS = NO;
				SWIFT_VERSION = 5.0;
				TARGETED_DEVICE_FAMILY = "1,2";
				TEST_TARGET_NAME = Pokedex;
			};
			name = Debug;
		};
		900E81DC2CFF786200639B47 /* Release */ = {
			isa = XCBuildConfiguration;
			buildSettings = {
				CODE_SIGN_STYLE = Automatic;
				CURRENT_PROJECT_VERSION = 1;
				GENERATE_INFOPLIST_FILE = YES;
				MARKETING_VERSION = 1.0;
				PRODUCT_BUNDLE_IDENTIFIER = FranaGan.PokedexUITests;
				PRODUCT_NAME = "$(TARGET_NAME)";
				SWIFT_EMIT_LOC_STRINGS = NO;
				SWIFT_VERSION = 5.0;
				TARGETED_DEVICE_FAMILY = "1,2";
				TEST_TARGET_NAME = Pokedex;
			};
			name = Release;
		};
/* End XCBuildConfiguration section */

/* Begin XCConfigurationList section */
		900E81AB2CFF786100639B47 /* Build configuration list for PBXProject "Pokedex" */ = {
			isa = XCConfigurationList;
			buildConfigurations = (
				900E81D22CFF786200639B47 /* Debug */,
				900E81D32CFF786200639B47 /* Release */,
			);
			defaultConfigurationIsVisible = 0;
			defaultConfigurationName = Release;
		};
		900E81D42CFF786200639B47 /* Build configuration list for PBXNativeTarget "Pokedex" */ = {
			isa = XCConfigurationList;
			buildConfigurations = (
				900E81D52CFF786200639B47 /* Debug */,
				900E81D62CFF786200639B47 /* Release */,
			);
			defaultConfigurationIsVisible = 0;
			defaultConfigurationName = Release;
		};
		900E81D72CFF786200639B47 /* Build configuration list for PBXNativeTarget "PokedexTests" */ = {
			isa = XCConfigurationList;
			buildConfigurations = (
				900E81D82CFF786200639B47 /* Debug */,
				900E81D92CFF786200639B47 /* Release */,
			);
			defaultConfigurationIsVisible = 0;
			defaultConfigurationName = Release;
		};
		900E81DA2CFF786200639B47 /* Build configuration list for PBXNativeTarget "PokedexUITests" */ = {
			isa = XCConfigurationList;
			buildConfigurations = (
				900E81DB2CFF786200639B47 /* Debug */,
				900E81DC2CFF786200639B47 /* Release */,
			);
			defaultConfigurationIsVisible = 0;
			defaultConfigurationName = Release;
		};
/* End XCConfigurationList section */

/* Begin XCRemoteSwiftPackageReference section */
		901618082D0A0B0C0087A940 /* XCRemoteSwiftPackageReference "firebase-ios-sdk" */ = {
			isa = XCRemoteSwiftPackageReference;
			repositoryURL = "https://github.com/firebase/firebase-ios-sdk.git";
			requirement = {
				kind = upToNextMajorVersion;
				minimumVersion = 11.6.0;
			};
		};
/* End XCRemoteSwiftPackageReference section */

/* Begin XCSwiftPackageProductDependency section */
		901618092D0A0B0C0087A940 /* FirebaseAnalytics */ = {
			isa = XCSwiftPackageProductDependency;
			package = 901618082D0A0B0C0087A940 /* XCRemoteSwiftPackageReference "firebase-ios-sdk" */;
			productName = FirebaseAnalytics;
		};
		9016180B2D0A0B0C0087A940 /* FirebaseAppDistribution-Beta */ = {
			isa = XCSwiftPackageProductDependency;
			package = 901618082D0A0B0C0087A940 /* XCRemoteSwiftPackageReference "firebase-ios-sdk" */;
			productName = "FirebaseAppDistribution-Beta";
		};
		90BD2BDD2D0A06A900CE6144 /* FirebaseAnalyticsOnDeviceConversion */ = {
			isa = XCSwiftPackageProductDependency;
			productName = FirebaseAnalyticsOnDeviceConversion;
		};
		90BD2BDF2D0A06A900CE6144 /* FirebaseAnalyticsWithoutAdIdSupport */ = {
			isa = XCSwiftPackageProductDependency;
			productName = FirebaseAnalyticsWithoutAdIdSupport;
		};
		90BD2BE12D0A06A900CE6144 /* FirebaseAppCheck */ = {
			isa = XCSwiftPackageProductDependency;
			productName = FirebaseAppCheck;
		};
		90BD2BE32D0A06A900CE6144 /* FirebaseAppDistribution-Beta */ = {
			isa = XCSwiftPackageProductDependency;
			productName = "FirebaseAppDistribution-Beta";
		};
		90BD2BE52D0A06A900CE6144 /* FirebaseAuth */ = {
			isa = XCSwiftPackageProductDependency;
			productName = FirebaseAuth;
		};
		90BD2BE72D0A06A900CE6144 /* FirebaseAuthCombine-Community */ = {
			isa = XCSwiftPackageProductDependency;
			productName = "FirebaseAuthCombine-Community";
		};
		90BD2BE92D0A06A900CE6144 /* FirebaseCrashlytics */ = {
			isa = XCSwiftPackageProductDependency;
			productName = FirebaseCrashlytics;
		};
		90BD2BEB2D0A06A900CE6144 /* FirebaseDatabase */ = {
			isa = XCSwiftPackageProductDependency;
			productName = FirebaseDatabase;
		};
		90BD2BED2D0A06A900CE6144 /* FirebaseDynamicLinks */ = {
			isa = XCSwiftPackageProductDependency;
			productName = FirebaseDynamicLinks;
		};
		90BD2BEF2D0A06A900CE6144 /* FirebaseFirestore */ = {
			isa = XCSwiftPackageProductDependency;
			productName = FirebaseFirestore;
		};
		90BD2BF12D0A06A900CE6144 /* FirebaseFirestoreCombine-Community */ = {
			isa = XCSwiftPackageProductDependency;
			productName = "FirebaseFirestoreCombine-Community";
		};
		90BD2BF32D0A06A900CE6144 /* FirebaseFunctions */ = {
			isa = XCSwiftPackageProductDependency;
			productName = FirebaseFunctions;
		};
		90BD2BF52D0A06A900CE6144 /* FirebaseFunctionsCombine-Community */ = {
			isa = XCSwiftPackageProductDependency;
			productName = "FirebaseFunctionsCombine-Community";
		};
		90BD2BF72D0A06A900CE6144 /* FirebaseInAppMessaging-Beta */ = {
			isa = XCSwiftPackageProductDependency;
			productName = "FirebaseInAppMessaging-Beta";
		};
		90BD2BF92D0A06A900CE6144 /* FirebaseInstallations */ = {
			isa = XCSwiftPackageProductDependency;
			productName = FirebaseInstallations;
		};
		90BD2BFB2D0A06A900CE6144 /* FirebaseMLModelDownloader */ = {
			isa = XCSwiftPackageProductDependency;
			productName = FirebaseMLModelDownloader;
		};
		90BD2BFD2D0A06A900CE6144 /* FirebaseMessaging */ = {
			isa = XCSwiftPackageProductDependency;
			productName = FirebaseMessaging;
		};
		90BD2BFF2D0A06A900CE6144 /* FirebasePerformance */ = {
			isa = XCSwiftPackageProductDependency;
			productName = FirebasePerformance;
		};
		90BD2C012D0A06A900CE6144 /* FirebaseRemoteConfig */ = {
			isa = XCSwiftPackageProductDependency;
			productName = FirebaseRemoteConfig;
		};
		90BD2C032D0A06A900CE6144 /* FirebaseStorage */ = {
			isa = XCSwiftPackageProductDependency;
			productName = FirebaseStorage;
		};
		90BD2C052D0A06A900CE6144 /* FirebaseStorageCombine-Community */ = {
			isa = XCSwiftPackageProductDependency;
			productName = "FirebaseStorageCombine-Community";
		};
		90BD2C072D0A06A900CE6144 /* FirebaseVertexAI */ = {
			isa = XCSwiftPackageProductDependency;
			productName = FirebaseVertexAI;
		};
/* End XCSwiftPackageProductDependency section */
	};
	rootObject = 900E81A82CFF786100639B47 /* Project object */;
}
